
Microsoft Visual Studio Solution File, Format Version 12.00
# Visual Studio Version 17
VisualStudioVersion = 17.14.36616.10
MinimumVisualStudioVersion = 10.0.40219.1
Project("{FAE04EC0-301F-11D3-BF4B-00C04F79EFBC}") = "GiftOfTheGivers", "GiftOfTheGivers.csproj", "{658BC1EE-60B4-45F7-ABAB-B6CB5766000E}"
EndProject
Project("{FAE04EC0-301F-11D3-BF4B-00C04F79EFBC}") = "GiftOfTheGivers.Tests", "..\GiftOfTheGivers.Tests\GiftOfTheGivers.Tests.csproj", "{44A25AFA-17C1-4695-84AB-DCD93E81FDC0}"
EndProject
Project("{2150E333-8FDC-42A3-9474-1A3956D46DE8}") = "load", "load", "{02EA681E-C7D8-13C7-8484-4AC65E1B71E8}"
	ProjectSection(SolutionItems) = preProject
		loadtest.js = loadtest.js
	EndProjectSection
EndProject
Global
	GlobalSection(SolutionConfigurationPlatforms) = preSolution
		Debug|Any CPU = Debug|Any CPU
		Release|Any CPU = Release|Any CPU
	EndGlobalSection
	GlobalSection(ProjectConfigurationPlatforms) = postSolution
		{658BC1EE-60B4-45F7-ABAB-B6CB5766000E}.Debug|Any CPU.ActiveCfg = Debug|Any CPU
		{658BC1EE-60B4-45F7-ABAB-B6CB5766000E}.Debug|Any CPU.Build.0 = Debug|Any CPU
		{658BC1EE-60B4-45F7-ABAB-B6CB5766000E}.Release|Any CPU.ActiveCfg = Release|Any CPU
		{658BC1EE-60B4-45F7-ABAB-B6CB5766000E}.Release|Any CPU.Build.0 = Release|Any CPU
		{44A25AFA-17C1-4695-84AB-DCD93E81FDC0}.Debug|Any CPU.ActiveCfg = Debug|Any CPU
		{44A25AFA-17C1-4695-84AB-DCD93E81FDC0}.Debug|Any CPU.Build.0 = Debug|Any CPU
		{44A25AFA-17C1-4695-84AB-DCD93E81FDC0}.Release|Any CPU.ActiveCfg = Release|Any CPU
		{44A25AFA-17C1-4695-84AB-DCD93E81FDC0}.Release|Any CPU.Build.0 = Release|Any CPU
	EndGlobalSection
	GlobalSection(SolutionProperties) = preSolution
		HideSolutionNode = FALSE
	EndGlobalSection
	GlobalSection(ExtensibilityGlobals) = postSolution
		SolutionGuid = {86F2C352-104F-4B2B-8FAD-1F40CEF598DE}
	EndGlobalSection
EndGlobal
